
Microsoft Visual Studio Solution File, Format Version 12.00
Project("{FAE04EC0-301F-11D3-BF4B-00C04F79EFBC}") = "PaymentService", "PaymentService\PaymentService.csproj", "{9F02835C-168C-41B6-B14F-650754553C27}"
EndProject
Project("{FAE04EC0-301F-11D3-BF4B-00C04F79EFBC}") = "Payment.Repository", "Payment.Repository\Payment.Repository.csproj", "{F7CAB1F5-390C-4A5F-A7CE-3E5DC7020785}"
EndProject
Project("{FAE04EC0-301F-11D3-BF4B-00C04F79EFBC}") = "Payment.Data", "Payment.Data\Payment.Data.csproj", "{672A7267-B0D3-4550-9BB2-EDED8E5A8193}"
EndProject
Project("{FAE04EC0-301F-11D3-BF4B-00C04F79EFBC}") = "Payment.Domain", "Payment.Domain\Payment.Domain.csproj", "{25A9C248-74C8-40BD-88CB-A373E0A854EF}"
EndProject
Global
	GlobalSection(SolutionConfigurationPlatforms) = preSolution
		Debug|Any CPU = Debug|Any CPU
		Release|Any CPU = Release|Any CPU
	EndGlobalSection
	GlobalSection(ProjectConfigurationPlatforms) = postSolution
		{9F02835C-168C-41B6-B14F-650754553C27}.Debug|Any CPU.ActiveCfg = Debug|Any CPU
		{9F02835C-168C-41B6-B14F-650754553C27}.Debug|Any CPU.Build.0 = Debug|Any CPU
		{9F02835C-168C-41B6-B14F-650754553C27}.Release|Any CPU.ActiveCfg = Release|Any CPU
		{9F02835C-168C-41B6-B14F-650754553C27}.Release|Any CPU.Build.0 = Release|Any CPU
		{F7CAB1F5-390C-4A5F-A7CE-3E5DC7020785}.Debug|Any CPU.ActiveCfg = Debug|Any CPU
		{F7CAB1F5-390C-4A5F-A7CE-3E5DC7020785}.Debug|Any CPU.Build.0 = Debug|Any CPU
		{F7CAB1F5-390C-4A5F-A7CE-3E5DC7020785}.Release|Any CPU.ActiveCfg = Release|Any CPU
		{F7CAB1F5-390C-4A5F-A7CE-3E5DC7020785}.Release|Any CPU.Build.0 = Release|Any CPU
		{672A7267-B0D3-4550-9BB2-EDED8E5A8193}.Debug|Any CPU.ActiveCfg = Debug|Any CPU
		{672A7267-B0D3-4550-9BB2-EDED8E5A8193}.Debug|Any CPU.Build.0 = Debug|Any CPU
		{672A7267-B0D3-4550-9BB2-EDED8E5A8193}.Release|Any CPU.ActiveCfg = Release|Any CPU
		{672A7267-B0D3-4550-9BB2-EDED8E5A8193}.Release|Any CPU.Build.0 = Release|Any CPU
		{25A9C248-74C8-40BD-88CB-A373E0A854EF}.Debug|Any CPU.ActiveCfg = Debug|Any CPU
		{25A9C248-74C8-40BD-88CB-A373E0A854EF}.Debug|Any CPU.Build.0 = Debug|Any CPU
		{25A9C248-74C8-40BD-88CB-A373E0A854EF}.Release|Any CPU.ActiveCfg = Release|Any CPU
		{25A9C248-74C8-40BD-88CB-A373E0A854EF}.Release|Any CPU.Build.0 = Release|Any CPU
	EndGlobalSection
EndGlobal
